
Microsoft Visual Studio Solution File, Format Version 12.00
# Visual Studio Version 17
VisualStudioVersion = 17.1.32210.238
MinimumVisualStudioVersion = 10.0.40219.1
Project("{9A19103F-16F7-4668-BE54-9A1E7A4F7556}") = "Assginment_23_2_22", "Assginment_23_2_22\Assginment_23_2_22.csproj", "{2298B19B-394D-489E-BDF8-7286422DC8B2}"
EndProject
Global
	GlobalSection(SolutionConfigurationPlatforms) = preSolution
		Debug|Any CPU = Debug|Any CPU
		Release|Any CPU = Release|Any CPU
	EndGlobalSection
	GlobalSection(ProjectConfigurationPlatforms) = postSolution
		{2298B19B-394D-489E-BDF8-7286422DC8B2}.Debug|Any CPU.ActiveCfg = Debug|Any CPU
		{2298B19B-394D-489E-BDF8-7286422DC8B2}.Debug|Any CPU.Build.0 = Debug|Any CPU
		{2298B19B-394D-489E-BDF8-7286422DC8B2}.Release|Any CPU.ActiveCfg = Release|Any CPU
		{2298B19B-394D-489E-BDF8-7286422DC8B2}.Release|Any CPU.Build.0 = Release|Any CPU
	EndGlobalSection
	GlobalSection(SolutionProperties) = preSolution
		HideSolutionNode = FALSE
	EndGlobalSection
	GlobalSection(ExtensibilityGlobals) = postSolution
		SolutionGuid = {B46361EC-33BA-4CD4-8B14-538E0041A0F0}
	EndGlobalSection
EndGlobal
